{
  "name": "tailwind-theme-controller",
  "version": "1.0.2",
  "lockfileVersion": 2,
  "requires": true,
  "packages": {
    "": {
      "name": "tailwind-theme-controller",
      "version": "1.0.2",
      "license": "MIT",
      "dependencies": {
        "tailwind-theme-controller": "github:maulydev/tailwind-theme-controller"
      }
    },
    "node_modules/tailwind-theme-controller": {
      "version": "1.0.2",
      "resolved": "git+ssh://git@github.com/maulydev/tailwind-theme-controller.git#9bc0245be93ea8f198f477995100cf7481306652",
      "license": "MIT"
    }
  },
  "dependencies": {
    "tailwind-theme-controller": {
      "version": "git+ssh://git@github.com/maulydev/tailwind-theme-controller.git#9bc0245be93ea8f198f477995100cf7481306652",
      "from": "tailwind-theme-controller@https://github.com/maulydev/tailwind-theme-controller.git"
    }
  }
}
